
Microsoft Visual Studio Solution File, Format Version 12.00
# Visual Studio 15
VisualStudioVersion = 15.0.27428.2043
MinimumVisualStudioVersion = 10.0.40219.1
Project("{FAE04EC0-301F-11D3-BF4B-00C04F79EFBC}") = "ArchSample.Domain", "ArchSample.Domain\ArchSample.Domain.csproj", "{5CD93EE3-17AB-45B8-A956-6135F092106C}"
EndProject
Global
	GlobalSection(SolutionConfigurationPlatforms) = preSolution
		Debug|Any CPU = Debug|Any CPU
		Release|Any CPU = Release|Any CPU
	EndGlobalSection
	GlobalSection(ProjectConfigurationPlatforms) = postSolution
		{5CD93EE3-17AB-45B8-A956-6135F092106C}.Debug|Any CPU.ActiveCfg = Debug|Any CPU
		{5CD93EE3-17AB-45B8-A956-6135F092106C}.Debug|Any CPU.Build.0 = Debug|Any CPU
		{5CD93EE3-17AB-45B8-A956-6135F092106C}.Release|Any CPU.ActiveCfg = Release|Any CPU
		{5CD93EE3-17AB-45B8-A956-6135F092106C}.Release|Any CPU.Build.0 = Release|Any CPU
	EndGlobalSection
	GlobalSection(SolutionProperties) = preSolution
		HideSolutionNode = FALSE
	EndGlobalSection
	GlobalSection(ExtensibilityGlobals) = postSolution
		SolutionGuid = {931C0104-DEC3-4C2B-81A2-C4B2D7E6D8B6}
	EndGlobalSection
EndGlobal
